
Microsoft Visual Studio Solution File, Format Version 12.00
# Visual Studio Version 17
VisualStudioVersion = 17.14.36414.22 d17.14
MinimumVisualStudioVersion = 10.0.40219.1
Project("{2150E333-8FDC-42A3-9474-1A3956D46DE8}") = "Task0", "Task0", "{02EA681E-C7D8-13C7-8484-4AC65E1B71E8}"
EndProject
Project("{FAE04EC0-301F-11D3-BF4B-00C04F79EFBC}") = "Tyuiu.MinullinDF.Sprint2.Task0.V21.Lib", "Tyuiu.MinullinDF.Sprint2.Task0.V21.Lib\Tyuiu.MinullinDF.Sprint2.Task0.V21.Lib.csproj", "{0ED017C8-44EA-467B-99E0-BE221BCD5D4B}"
EndProject
Project("{FAE04EC0-301F-11D3-BF4B-00C04F79EFBC}") = "Tyuiu.MinullinDF.Sprint2.Task0.V21", "Tyuiu.MinullinDF.Sprint2.Task0.V21\Tyuiu.MinullinDF.Sprint2.Task0.V21.csproj", "{E4ACF9F3-49F5-4BA3-BA6F-4A52E39F3FB6}"
EndProject
Project("{FAE04EC0-301F-11D3-BF4B-00C04F79EFBC}") = "Tyuiu.MinullinDF.Sprint2.Task0.V21.Test", "Tyuiu.MinullinDF.Sprint2.Task0.V21.Test\Tyuiu.MinullinDF.Sprint2.Task0.V21.Test.csproj", "{5CC92B3E-AB59-4D1B-BA2A-F252B628B264}"
EndProject
Project("{2150E333-8FDC-42A3-9474-1A3956D46DE8}") = "Task1", "Task1", "{9468F456-AE79-4E64-8ED7-1CC9124E4EAA}"
EndProject
Project("{FAE04EC0-301F-11D3-BF4B-00C04F79EFBC}") = "Tyuiu.MinullinDF.Sprint2.Task1.V26", "Tyuiu.MinullinDF.Sprint2.Task1.V26\Tyuiu.MinullinDF.Sprint2.Task1.V26.csproj", "{FA7ABE0F-95DA-4272-86AF-9DD3A6E27F59}"
EndProject
Project("{FAE04EC0-301F-11D3-BF4B-00C04F79EFBC}") = "Tyuiu.MinullinDF.Sprint2.Task1.V26.Lib", "Tyuiu.MinullinDF.Sprint2.Task1.V26.Lib\Tyuiu.MinullinDF.Sprint2.Task1.V26.Lib.csproj", "{9942B1D9-0CD3-420A-997B-A84DB0B9C319}"
EndProject
Project("{FAE04EC0-301F-11D3-BF4B-00C04F79EFBC}") = "Tyuiu.MinullinDF.Sprint2.Task1.V26.Test", "Tyuiu.MinullinDF.Sprint2.Task1.V26.Test\Tyuiu.MinullinDF.Sprint2.Task1.V26.Test.csproj", "{203938AA-A82E-45E9-B5F9-A8F3259F0EB9}"
EndProject
Project("{2150E333-8FDC-42A3-9474-1A3956D46DE8}") = "Task2", "Task2", "{E1977D7D-ACC8-44FF-B8DE-83F11861EBAD}"
EndProject
Project("{FAE04EC0-301F-11D3-BF4B-00C04F79EFBC}") = "Tyuiu.MinullinDF.Sprint2.Task2.V19.Test", "Tyuiu.MinullinDF.Sprint2.Task2.V19.Test\Tyuiu.MinullinDF.Sprint2.Task2.V19.Test.csproj", "{A03E3554-6C37-48AE-A6EC-41FB7210FB59}"
EndProject
Project("{FAE04EC0-301F-11D3-BF4B-00C04F79EFBC}") = "Tyuiu.MinullinDF.Sprint2.Task2.V19.Lib", "Tyuiu.MinullinDF.Sprint2.Task2.V19.Lib\Tyuiu.MinullinDF.Sprint2.Task2.V19.Lib.csproj", "{075B5267-C723-4A06-B9F2-F751F1716019}"
EndProject
Project("{FAE04EC0-301F-11D3-BF4B-00C04F79EFBC}") = "Tyuiu.MinullinDF.Sprint2.Task2.V19", "Tyuiu.MinullinDF.Sprint2.Task2.V19\Tyuiu.MinullinDF.Sprint2.Task2.V19.csproj", "{DAEC2335-74C3-49B5-A5FB-7FB534D20BB7}"
EndProject
Project("{2150E333-8FDC-42A3-9474-1A3956D46DE8}") = "Task3", "Task3", "{EB099D51-A254-4751-9A6D-D4BCCAB859A3}"
EndProject
Project("{FAE04EC0-301F-11D3-BF4B-00C04F79EFBC}") = "Tyuiu.MinullinDF.Sprint2.Task3.V21.Test", "Tyuiu.MinullinDF.Sprint2.Task3.V21.Test\Tyuiu.MinullinDF.Sprint2.Task3.V21.Test.csproj", "{84CECED3-E972-4518-B2BB-D86D76DC830E}"
EndProject
Project("{FAE04EC0-301F-11D3-BF4B-00C04F79EFBC}") = "Tyuiu.MinullinDF.Sprint2.Task3.V21.Lib", "Tyuiu.MinullinDF.Sprint2.Task3.V21.Lib\Tyuiu.MinullinDF.Sprint2.Task3.V21.Lib.csproj", "{CF3E29FE-E934-455A-92FE-E6B31DFDF725}"
EndProject
Project("{FAE04EC0-301F-11D3-BF4B-00C04F79EFBC}") = "Tyuiu.MinullinDF.Sprint2.Task3.V21", "Tyuiu.MinullinDF.Sprint2.Task3.V21\Tyuiu.MinullinDF.Sprint2.Task3.V21.csproj", "{70DAA100-3648-4EB7-A431-A91A26955B84}"
EndProject
Global
	GlobalSection(SolutionConfigurationPlatforms) = preSolution
		Debug|Any CPU = Debug|Any CPU
		Release|Any CPU = Release|Any CPU
	EndGlobalSection
	GlobalSection(ProjectConfigurationPlatforms) = postSolution
		{0ED017C8-44EA-467B-99E0-BE221BCD5D4B}.Debug|Any CPU.ActiveCfg = Debug|Any CPU
		{0ED017C8-44EA-467B-99E0-BE221BCD5D4B}.Debug|Any CPU.Build.0 = Debug|Any CPU
		{0ED017C8-44EA-467B-99E0-BE221BCD5D4B}.Release|Any CPU.ActiveCfg = Release|Any CPU
		{0ED017C8-44EA-467B-99E0-BE221BCD5D4B}.Release|Any CPU.Build.0 = Release|Any CPU
		{E4ACF9F3-49F5-4BA3-BA6F-4A52E39F3FB6}.Debug|Any CPU.ActiveCfg = Debug|Any CPU
		{E4ACF9F3-49F5-4BA3-BA6F-4A52E39F3FB6}.Debug|Any CPU.Build.0 = Debug|Any CPU
		{E4ACF9F3-49F5-4BA3-BA6F-4A52E39F3FB6}.Release|Any CPU.ActiveCfg = Release|Any CPU
		{E4ACF9F3-49F5-4BA3-BA6F-4A52E39F3FB6}.Release|Any CPU.Build.0 = Release|Any CPU
		{5CC92B3E-AB59-4D1B-BA2A-F252B628B264}.Debug|Any CPU.ActiveCfg = Debug|Any CPU
		{5CC92B3E-AB59-4D1B-BA2A-F252B628B264}.Debug|Any CPU.Build.0 = Debug|Any CPU
		{5CC92B3E-AB59-4D1B-BA2A-F252B628B264}.Release|Any CPU.ActiveCfg = Release|Any CPU
		{5CC92B3E-AB59-4D1B-BA2A-F252B628B264}.Release|Any CPU.Build.0 = Release|Any CPU
		{FA7ABE0F-95DA-4272-86AF-9DD3A6E27F59}.Debug|Any CPU.ActiveCfg = Debug|Any CPU
		{FA7ABE0F-95DA-4272-86AF-9DD3A6E27F59}.Debug|Any CPU.Build.0 = Debug|Any CPU
		{FA7ABE0F-95DA-4272-86AF-9DD3A6E27F59}.Release|Any CPU.ActiveCfg = Release|Any CPU
		{FA7ABE0F-95DA-4272-86AF-9DD3A6E27F59}.Release|Any CPU.Build.0 = Release|Any CPU
		{9942B1D9-0CD3-420A-997B-A84DB0B9C319}.Debug|Any CPU.ActiveCfg = Debug|Any CPU
		{9942B1D9-0CD3-420A-997B-A84DB0B9C319}.Debug|Any CPU.Build.0 = Debug|Any CPU
		{9942B1D9-0CD3-420A-997B-A84DB0B9C319}.Release|Any CPU.ActiveCfg = Release|Any CPU
		{9942B1D9-0CD3-420A-997B-A84DB0B9C319}.Release|Any CPU.Build.0 = Release|Any CPU
		{203938AA-A82E-45E9-B5F9-A8F3259F0EB9}.Debug|Any CPU.ActiveCfg = Debug|Any CPU
		{203938AA-A82E-45E9-B5F9-A8F3259F0EB9}.Debug|Any CPU.Build.0 = Debug|Any CPU
		{203938AA-A82E-45E9-B5F9-A8F3259F0EB9}.Release|Any CPU.ActiveCfg = Release|Any CPU
		{203938AA-A82E-45E9-B5F9-A8F3259F0EB9}.Release|Any CPU.Build.0 = Release|Any CPU
		{A03E3554-6C37-48AE-A6EC-41FB7210FB59}.Debug|Any CPU.ActiveCfg = Debug|Any CPU
		{A03E3554-6C37-48AE-A6EC-41FB7210FB59}.Debug|Any CPU.Build.0 = Debug|Any CPU
		{A03E3554-6C37-48AE-A6EC-41FB7210FB59}.Release|Any CPU.ActiveCfg = Release|Any CPU
		{A03E3554-6C37-48AE-A6EC-41FB7210FB59}.Release|Any CPU.Build.0 = Release|Any CPU
		{075B5267-C723-4A06-B9F2-F751F1716019}.Debug|Any CPU.ActiveCfg = Debug|Any CPU
		{075B5267-C723-4A06-B9F2-F751F1716019}.Debug|Any CPU.Build.0 = Debug|Any CPU
		{075B5267-C723-4A06-B9F2-F751F1716019}.Release|Any CPU.ActiveCfg = Release|Any CPU
		{075B5267-C723-4A06-B9F2-F751F1716019}.Release|Any CPU.Build.0 = Release|Any CPU
		{DAEC2335-74C3-49B5-A5FB-7FB534D20BB7}.Debug|Any CPU.ActiveCfg = Debug|Any CPU
		{DAEC2335-74C3-49B5-A5FB-7FB534D20BB7}.Debug|Any CPU.Build.0 = Debug|Any CPU
		{DAEC2335-74C3-49B5-A5FB-7FB534D20BB7}.Release|Any CPU.ActiveCfg = Release|Any CPU
		{DAEC2335-74C3-49B5-A5FB-7FB534D20BB7}.Release|Any CPU.Build.0 = Release|Any CPU
		{84CECED3-E972-4518-B2BB-D86D76DC830E}.Debug|Any CPU.ActiveCfg = Debug|Any CPU
		{84CECED3-E972-4518-B2BB-D86D76DC830E}.Debug|Any CPU.Build.0 = Debug|Any CPU
		{84CECED3-E972-4518-B2BB-D86D76DC830E}.Release|Any CPU.ActiveCfg = Release|Any CPU
		{84CECED3-E972-4518-B2BB-D86D76DC830E}.Release|Any CPU.Build.0 = Release|Any CPU
		{CF3E29FE-E934-455A-92FE-E6B31DFDF725}.Debug|Any CPU.ActiveCfg = Debug|Any CPU
		{CF3E29FE-E934-455A-92FE-E6B31DFDF725}.Debug|Any CPU.Build.0 = Debug|Any CPU
		{CF3E29FE-E934-455A-92FE-E6B31DFDF725}.Release|Any CPU.ActiveCfg = Release|Any CPU
		{CF3E29FE-E934-455A-92FE-E6B31DFDF725}.Release|Any CPU.Build.0 = Release|Any CPU
		{70DAA100-3648-4EB7-A431-A91A26955B84}.Debug|Any CPU.ActiveCfg = Debug|Any CPU
		{70DAA100-3648-4EB7-A431-A91A26955B84}.Debug|Any CPU.Build.0 = Debug|Any CPU
		{70DAA100-3648-4EB7-A431-A91A26955B84}.Release|Any CPU.ActiveCfg = Release|Any CPU
		{70DAA100-3648-4EB7-A431-A91A26955B84}.Release|Any CPU.Build.0 = Release|Any CPU
	EndGlobalSection
	GlobalSection(SolutionProperties) = preSolution
		HideSolutionNode = FALSE
	EndGlobalSection
	GlobalSection(NestedProjects) = preSolution
		{0ED017C8-44EA-467B-99E0-BE221BCD5D4B} = {02EA681E-C7D8-13C7-8484-4AC65E1B71E8}
		{E4ACF9F3-49F5-4BA3-BA6F-4A52E39F3FB6} = {02EA681E-C7D8-13C7-8484-4AC65E1B71E8}
		{5CC92B3E-AB59-4D1B-BA2A-F252B628B264} = {02EA681E-C7D8-13C7-8484-4AC65E1B71E8}
		{FA7ABE0F-95DA-4272-86AF-9DD3A6E27F59} = {9468F456-AE79-4E64-8ED7-1CC9124E4EAA}
		{9942B1D9-0CD3-420A-997B-A84DB0B9C319} = {9468F456-AE79-4E64-8ED7-1CC9124E4EAA}
		{203938AA-A82E-45E9-B5F9-A8F3259F0EB9} = {9468F456-AE79-4E64-8ED7-1CC9124E4EAA}
		{A03E3554-6C37-48AE-A6EC-41FB7210FB59} = {E1977D7D-ACC8-44FF-B8DE-83F11861EBAD}
		{075B5267-C723-4A06-B9F2-F751F1716019} = {E1977D7D-ACC8-44FF-B8DE-83F11861EBAD}
		{DAEC2335-74C3-49B5-A5FB-7FB534D20BB7} = {E1977D7D-ACC8-44FF-B8DE-83F11861EBAD}
		{84CECED3-E972-4518-B2BB-D86D76DC830E} = {EB099D51-A254-4751-9A6D-D4BCCAB859A3}
		{CF3E29FE-E934-455A-92FE-E6B31DFDF725} = {EB099D51-A254-4751-9A6D-D4BCCAB859A3}
		{70DAA100-3648-4EB7-A431-A91A26955B84} = {EB099D51-A254-4751-9A6D-D4BCCAB859A3}
	EndGlobalSection
	GlobalSection(ExtensibilityGlobals) = postSolution
		SolutionGuid = {F7CBB40F-40CB-4B6B-B0D7-3E9EB9197219}
	EndGlobalSection
EndGlobal
